
Microsoft Visual Studio Solution File, Format Version 12.00
# Visual Studio Version 17
VisualStudioVersion = 17.3.32804.467
MinimumVisualStudioVersion = 10.0.40219.1
Project("{9A19103F-16F7-4668-BE54-9A1E7A4F7556}") = "PropertySurvey", "PropertySurvey\PropertySurvey\PropertySurvey.csproj", "{838AE34D-9CAA-407B-A4D4-A31966430141}"
EndProject
Project("{FAE04EC0-301F-11D3-BF4B-00C04F79EFBC}") = "PropertySurvey.Android", "PropertySurvey\PropertySurvey.Android\PropertySurvey.Android.csproj", "{8894C380-52DE-4C75-80A1-6B27E6FC29F4}"
EndProject
Project("{FAE04EC0-301F-11D3-BF4B-00C04F79EFBC}") = "PropertySurvey.iOS", "PropertySurvey\PropertySurvey.iOS\PropertySurvey.iOS.csproj", "{E6C3CBB0-25AC-4353-94BF-AF850995E5C4}"
EndProject
Project("{FAE04EC0-301F-11D3-BF4B-00C04F79EFBC}") = "PropertySurvey.UWP", "PropertySurvey\PropertySurvey.UWP\PropertySurvey.UWP.csproj", "{E44DA785-B7A7-4860-95FB-7DB62150FBBD}"
EndProject
Project("{9A19103F-16F7-4668-BE54-9A1E7A4F7556}") = "PropertySurveyService", "PropertySurvey\PropertySurveyService\PropertySurveyService\PropertySurveyService.csproj", "{5F945D28-E6F3-41D2-BECE-7D787444EF5A}"
EndProject
Global
	GlobalSection(SolutionConfigurationPlatforms) = preSolution
		Ad-Hoc|Any CPU = Ad-Hoc|Any CPU
		Ad-Hoc|ARM = Ad-Hoc|ARM
		Ad-Hoc|iPhone = Ad-Hoc|iPhone
		Ad-Hoc|iPhoneSimulator = Ad-Hoc|iPhoneSimulator
		Ad-Hoc|x64 = Ad-Hoc|x64
		Ad-Hoc|x86 = Ad-Hoc|x86
		AppStore|Any CPU = AppStore|Any CPU
		AppStore|ARM = AppStore|ARM
		AppStore|iPhone = AppStore|iPhone
		AppStore|iPhoneSimulator = AppStore|iPhoneSimulator
		AppStore|x64 = AppStore|x64
		AppStore|x86 = AppStore|x86
		Debug|Any CPU = Debug|Any CPU
		Debug|ARM = Debug|ARM
		Debug|iPhone = Debug|iPhone
		Debug|iPhoneSimulator = Debug|iPhoneSimulator
		Debug|x64 = Debug|x64
		Debug|x86 = Debug|x86
		Release|Any CPU = Release|Any CPU
		Release|ARM = Release|ARM
		Release|iPhone = Release|iPhone
		Release|iPhoneSimulator = Release|iPhoneSimulator
		Release|x64 = Release|x64
		Release|x86 = Release|x86
	EndGlobalSection
	GlobalSection(ProjectConfigurationPlatforms) = postSolution
		{838AE34D-9CAA-407B-A4D4-A31966430141}.Ad-Hoc|Any CPU.ActiveCfg = Debug|Any CPU
		{838AE34D-9CAA-407B-A4D4-A31966430141}.Ad-Hoc|Any CPU.Build.0 = Debug|Any CPU
		{838AE34D-9CAA-407B-A4D4-A31966430141}.Ad-Hoc|ARM.ActiveCfg = Debug|Any CPU
		{838AE34D-9CAA-407B-A4D4-A31966430141}.Ad-Hoc|ARM.Build.0 = Debug|Any CPU
		{838AE34D-9CAA-407B-A4D4-A31966430141}.Ad-Hoc|iPhone.ActiveCfg = Debug|Any CPU
		{838AE34D-9CAA-407B-A4D4-A31966430141}.Ad-Hoc|iPhone.Build.0 = Debug|Any CPU
		{838AE34D-9CAA-407B-A4D4-A31966430141}.Ad-Hoc|iPhoneSimulator.ActiveCfg = Debug|Any CPU
		{838AE34D-9CAA-407B-A4D4-A31966430141}.Ad-Hoc|iPhoneSimulator.Build.0 = Debug|Any CPU
		{838AE34D-9CAA-407B-A4D4-A31966430141}.Ad-Hoc|x64.ActiveCfg = Debug|Any CPU
		{838AE34D-9CAA-407B-A4D4-A31966430141}.Ad-Hoc|x64.Build.0 = Debug|Any CPU
		{838AE34D-9CAA-407B-A4D4-A31966430141}.Ad-Hoc|x86.ActiveCfg = Debug|Any CPU
		{838AE34D-9CAA-407B-A4D4-A31966430141}.Ad-Hoc|x86.Build.0 = Debug|Any CPU
		{838AE34D-9CAA-407B-A4D4-A31966430141}.AppStore|Any CPU.ActiveCfg = Debug|Any CPU
		{838AE34D-9CAA-407B-A4D4-A31966430141}.AppStore|Any CPU.Build.0 = Debug|Any CPU
		{838AE34D-9CAA-407B-A4D4-A31966430141}.AppStore|ARM.ActiveCfg = Debug|Any CPU
		{838AE34D-9CAA-407B-A4D4-A31966430141}.AppStore|ARM.Build.0 = Debug|Any CPU
		{838AE34D-9CAA-407B-A4D4-A31966430141}.AppStore|iPhone.ActiveCfg = Debug|Any CPU
		{838AE34D-9CAA-407B-A4D4-A31966430141}.AppStore|iPhone.Build.0 = Debug|Any CPU
		{838AE34D-9CAA-407B-A4D4-A31966430141}.AppStore|iPhoneSimulator.ActiveCfg = Debug|Any CPU
		{838AE34D-9CAA-407B-A4D4-A31966430141}.AppStore|iPhoneSimulator.Build.0 = Debug|Any CPU
		{838AE34D-9CAA-407B-A4D4-A31966430141}.AppStore|x64.ActiveCfg = Debug|Any CPU
		{838AE34D-9CAA-407B-A4D4-A31966430141}.AppStore|x64.Build.0 = Debug|Any CPU
		{838AE34D-9CAA-407B-A4D4-A31966430141}.AppStore|x86.ActiveCfg = Debug|Any CPU
		{838AE34D-9CAA-407B-A4D4-A31966430141}.AppStore|x86.Build.0 = Debug|Any CPU
		{838AE34D-9CAA-407B-A4D4-A31966430141}.Debug|Any CPU.ActiveCfg = Debug|Any CPU
		{838AE34D-9CAA-407B-A4D4-A31966430141}.Debug|Any CPU.Build.0 = Debug|Any CPU
		{838AE34D-9CAA-407B-A4D4-A31966430141}.Debug|ARM.ActiveCfg = Debug|Any CPU
		{838AE34D-9CAA-407B-A4D4-A31966430141}.Debug|ARM.Build.0 = Debug|Any CPU
		{838AE34D-9CAA-407B-A4D4-A31966430141}.Debug|iPhone.ActiveCfg = Debug|Any CPU
		{838AE34D-9CAA-407B-A4D4-A31966430141}.Debug|iPhone.Build.0 = Debug|Any CPU
		{838AE34D-9CAA-407B-A4D4-A31966430141}.Debug|iPhoneSimulator.ActiveCfg = Debug|Any CPU
		{838AE34D-9CAA-407B-A4D4-A31966430141}.Debug|iPhoneSimulator.Build.0 = Debug|Any CPU
		{838AE34D-9CAA-407B-A4D4-A31966430141}.Debug|x64.ActiveCfg = Debug|Any CPU
		{838AE34D-9CAA-407B-A4D4-A31966430141}.Debug|x64.Build.0 = Debug|Any CPU
		{838AE34D-9CAA-407B-A4D4-A31966430141}.Debug|x86.ActiveCfg = Debug|Any CPU
		{838AE34D-9CAA-407B-A4D4-A31966430141}.Debug|x86.Build.0 = Debug|Any CPU
		{838AE34D-9CAA-407B-A4D4-A31966430141}.Release|Any CPU.ActiveCfg = Release|Any CPU
		{838AE34D-9CAA-407B-A4D4-A31966430141}.Release|Any CPU.Build.0 = Release|Any CPU
		{838AE34D-9CAA-407B-A4D4-A31966430141}.Release|ARM.ActiveCfg = Release|Any CPU
		{838AE34D-9CAA-407B-A4D4-A31966430141}.Release|ARM.Build.0 = Release|Any CPU
		{838AE34D-9CAA-407B-A4D4-A31966430141}.Release|iPhone.ActiveCfg = Release|Any CPU
		{838AE34D-9CAA-407B-A4D4-A31966430141}.Release|iPhone.Build.0 = Release|Any CPU
		{838AE34D-9CAA-407B-A4D4-A31966430141}.Release|iPhoneSimulator.ActiveCfg = Release|Any CPU
		{838AE34D-9CAA-407B-A4D4-A31966430141}.Release|iPhoneSimulator.Build.0 = Release|Any CPU
		{838AE34D-9CAA-407B-A4D4-A31966430141}.Release|x64.ActiveCfg = Release|Any CPU
		{838AE34D-9CAA-407B-A4D4-A31966430141}.Release|x64.Build.0 = Release|Any CPU
		{838AE34D-9CAA-407B-A4D4-A31966430141}.Release|x86.ActiveCfg = Release|Any CPU
		{838AE34D-9CAA-407B-A4D4-A31966430141}.Release|x86.Build.0 = Release|Any CPU
		{8894C380-52DE-4C75-80A1-6B27E6FC29F4}.Ad-Hoc|Any CPU.ActiveCfg = Debug|Any CPU
		{8894C380-52DE-4C75-80A1-6B27E6FC29F4}.Ad-Hoc|Any CPU.Build.0 = Debug|Any CPU
		{8894C380-52DE-4C75-80A1-6B27E6FC29F4}.Ad-Hoc|Any CPU.Deploy.0 = Debug|Any CPU
		{8894C380-52DE-4C75-80A1-6B27E6FC29F4}.Ad-Hoc|ARM.ActiveCfg = Debug|Any CPU
		{8894C380-52DE-4C75-80A1-6B27E6FC29F4}.Ad-Hoc|ARM.Build.0 = Debug|Any CPU
		{8894C380-52DE-4C75-80A1-6B27E6FC29F4}.Ad-Hoc|ARM.Deploy.0 = Debug|Any CPU
		{8894C380-52DE-4C75-80A1-6B27E6FC29F4}.Ad-Hoc|iPhone.ActiveCfg = Debug|Any CPU
		{8894C380-52DE-4C75-80A1-6B27E6FC29F4}.Ad-Hoc|iPhone.Build.0 = Debug|Any CPU
		{8894C380-52DE-4C75-80A1-6B27E6FC29F4}.Ad-Hoc|iPhone.Deploy.0 = Debug|Any CPU
		{8894C380-52DE-4C75-80A1-6B27E6FC29F4}.Ad-Hoc|iPhoneSimulator.ActiveCfg = Debug|Any CPU
		{8894C380-52DE-4C75-80A1-6B27E6FC29F4}.Ad-Hoc|iPhoneSimulator.Build.0 = Debug|Any CPU
		{8894C380-52DE-4C75-80A1-6B27E6FC29F4}.Ad-Hoc|iPhoneSimulator.Deploy.0 = Debug|Any CPU
		{8894C380-52DE-4C75-80A1-6B27E6FC29F4}.Ad-Hoc|x64.ActiveCfg = Debug|Any CPU
		{8894C380-52DE-4C75-80A1-6B27E6FC29F4}.Ad-Hoc|x64.Build.0 = Debug|Any CPU
		{8894C380-52DE-4C75-80A1-6B27E6FC29F4}.Ad-Hoc|x64.Deploy.0 = Debug|Any CPU
		{8894C380-52DE-4C75-80A1-6B27E6FC29F4}.Ad-Hoc|x86.ActiveCfg = Debug|Any CPU
		{8894C380-52DE-4C75-80A1-6B27E6FC29F4}.Ad-Hoc|x86.Build.0 = Debug|Any CPU
		{8894C380-52DE-4C75-80A1-6B27E6FC29F4}.Ad-Hoc|x86.Deploy.0 = Debug|Any CPU
		{8894C380-52DE-4C75-80A1-6B27E6FC29F4}.AppStore|Any CPU.ActiveCfg = Debug|Any CPU
		{8894C380-52DE-4C75-80A1-6B27E6FC29F4}.AppStore|Any CPU.Build.0 = Debug|Any CPU
		{8894C380-52DE-4C75-80A1-6B27E6FC29F4}.AppStore|Any CPU.Deploy.0 = Debug|Any CPU
		{8894C380-52DE-4C75-80A1-6B27E6FC29F4}.AppStore|ARM.ActiveCfg = Debug|Any CPU
		{8894C380-52DE-4C75-80A1-6B27E6FC29F4}.AppStore|ARM.Build.0 = Debug|Any CPU
		{8894C380-52DE-4C75-80A1-6B27E6FC29F4}.AppStore|ARM.Deploy.0 = Debug|Any CPU
		{8894C380-52DE-4C75-80A1-6B27E6FC29F4}.AppStore|iPhone.ActiveCfg = Debug|Any CPU
		{8894C380-52DE-4C75-80A1-6B27E6FC29F4}.AppStore|iPhone.Build.0 = Debug|Any CPU
		{8894C380-52DE-4C75-80A1-6B27E6FC29F4}.AppStore|iPhone.Deploy.0 = Debug|Any CPU
		{8894C380-52DE-4C75-80A1-6B27E6FC29F4}.AppStore|iPhoneSimulator.ActiveCfg = Debug|Any CPU
		{8894C380-52DE-4C75-80A1-6B27E6FC29F4}.AppStore|iPhoneSimulator.Build.0 = Debug|Any CPU
		{8894C380-52DE-4C75-80A1-6B27E6FC29F4}.AppStore|iPhoneSimulator.Deploy.0 = Debug|Any CPU
		{8894C380-52DE-4C75-80A1-6B27E6FC29F4}.AppStore|x64.ActiveCfg = Debug|Any CPU
		{8894C380-52DE-4C75-80A1-6B27E6FC29F4}.AppStore|x64.Build.0 = Debug|Any CPU
		{8894C380-52DE-4C75-80A1-6B27E6FC29F4}.AppStore|x64.Deploy.0 = Debug|Any CPU
		{8894C380-52DE-4C75-80A1-6B27E6FC29F4}.AppStore|x86.ActiveCfg = Debug|Any CPU
		{8894C380-52DE-4C75-80A1-6B27E6FC29F4}.AppStore|x86.Build.0 = Debug|Any CPU
		{8894C380-52DE-4C75-80A1-6B27E6FC29F4}.AppStore|x86.Deploy.0 = Debug|Any CPU
		{8894C380-52DE-4C75-80A1-6B27E6FC29F4}.Debug|Any CPU.ActiveCfg = Debug|Any CPU
		{8894C380-52DE-4C75-80A1-6B27E6FC29F4}.Debug|Any CPU.Build.0 = Debug|Any CPU
		{8894C380-52DE-4C75-80A1-6B27E6FC29F4}.Debug|Any CPU.Deploy.0 = Debug|Any CPU
		{8894C380-52DE-4C75-80A1-6B27E6FC29F4}.Debug|ARM.ActiveCfg = Debug|Any CPU
		{8894C380-52DE-4C75-80A1-6B27E6FC29F4}.Debug|ARM.Build.0 = Debug|Any CPU
		{8894C380-52DE-4C75-80A1-6B27E6FC29F4}.Debug|ARM.Deploy.0 = Debug|Any CPU
		{8894C380-52DE-4C75-80A1-6B27E6FC29F4}.Debug|iPhone.ActiveCfg = Debug|Any CPU
		{8894C380-52DE-4C75-80A1-6B27E6FC29F4}.Debug|iPhone.Build.0 = Debug|Any CPU
		{8894C380-52DE-4C75-80A1-6B27E6FC29F4}.Debug|iPhone.Deploy.0 = Debug|Any CPU
		{8894C380-52DE-4C75-80A1-6B27E6FC29F4}.Debug|iPhoneSimulator.ActiveCfg = Debug|Any CPU
		{8894C380-52DE-4C75-80A1-6B27E6FC29F4}.Debug|iPhoneSimulator.Build.0 = Debug|Any CPU
		{8894C380-52DE-4C75-80A1-6B27E6FC29F4}.Debug|iPhoneSimulator.Deploy.0 = Debug|Any CPU
		{8894C380-52DE-4C75-80A1-6B27E6FC29F4}.Debug|x64.ActiveCfg = Debug|Any CPU
		{8894C380-52DE-4C75-80A1-6B27E6FC29F4}.Debug|x64.Build.0 = Debug|Any CPU
		{8894C380-52DE-4C75-80A1-6B27E6FC29F4}.Debug|x64.Deploy.0 = Debug|Any CPU
		{8894C380-52DE-4C75-80A1-6B27E6FC29F4}.Debug|x86.ActiveCfg = Debug|Any CPU
		{8894C380-52DE-4C75-80A1-6B27E6FC29F4}.Debug|x86.Build.0 = Debug|Any CPU
		{8894C380-52DE-4C75-80A1-6B27E6FC29F4}.Debug|x86.Deploy.0 = Debug|Any CPU
		{8894C380-52DE-4C75-80A1-6B27E6FC29F4}.Release|Any CPU.ActiveCfg = Release|Any CPU
		{8894C380-52DE-4C75-80A1-6B27E6FC29F4}.Release|Any CPU.Build.0 = Release|Any CPU
		{8894C380-52DE-4C75-80A1-6B27E6FC29F4}.Release|Any CPU.Deploy.0 = Release|Any CPU
		{8894C380-52DE-4C75-80A1-6B27E6FC29F4}.Release|ARM.ActiveCfg = Release|Any CPU
		{8894C380-52DE-4C75-80A1-6B27E6FC29F4}.Release|ARM.Build.0 = Release|Any CPU
		{8894C380-52DE-4C75-80A1-6B27E6FC29F4}.Release|ARM.Deploy.0 = Release|Any CPU
		{8894C380-52DE-4C75-80A1-6B27E6FC29F4}.Release|iPhone.ActiveCfg = Release|Any CPU
		{8894C380-52DE-4C75-80A1-6B27E6FC29F4}.Release|iPhone.Build.0 = Release|Any CPU
		{8894C380-52DE-4C75-80A1-6B27E6FC29F4}.Release|iPhone.Deploy.0 = Release|Any CPU
		{8894C380-52DE-4C75-80A1-6B27E6FC29F4}.Release|iPhoneSimulator.ActiveCfg = Release|Any CPU
		{8894C380-52DE-4C75-80A1-6B27E6FC29F4}.Release|iPhoneSimulator.Build.0 = Release|Any CPU
		{8894C380-52DE-4C75-80A1-6B27E6FC29F4}.Release|iPhoneSimulator.Deploy.0 = Release|Any CPU
		{8894C380-52DE-4C75-80A1-6B27E6FC29F4}.Release|x64.ActiveCfg = Release|Any CPU
		{8894C380-52DE-4C75-80A1-6B27E6FC29F4}.Release|x64.Build.0 = Release|Any CPU
		{8894C380-52DE-4C75-80A1-6B27E6FC29F4}.Release|x64.Deploy.0 = Release|Any CPU
		{8894C380-52DE-4C75-80A1-6B27E6FC29F4}.Release|x86.ActiveCfg = Release|Any CPU
		{8894C380-52DE-4C75-80A1-6B27E6FC29F4}.Release|x86.Build.0 = Release|Any CPU
		{8894C380-52DE-4C75-80A1-6B27E6FC29F4}.Release|x86.Deploy.0 = Release|Any CPU
		{E6C3CBB0-25AC-4353-94BF-AF850995E5C4}.Ad-Hoc|Any CPU.ActiveCfg = Ad-Hoc|iPhoneSimulator
		{E6C3CBB0-25AC-4353-94BF-AF850995E5C4}.Ad-Hoc|Any CPU.Build.0 = Ad-Hoc|iPhoneSimulator
		{E6C3CBB0-25AC-4353-94BF-AF850995E5C4}.Ad-Hoc|ARM.ActiveCfg = Ad-Hoc|iPhoneSimulator
		{E6C3CBB0-25AC-4353-94BF-AF850995E5C4}.Ad-Hoc|ARM.Build.0 = Ad-Hoc|iPhoneSimulator
		{E6C3CBB0-25AC-4353-94BF-AF850995E5C4}.Ad-Hoc|iPhone.ActiveCfg = Ad-Hoc|iPhone
		{E6C3CBB0-25AC-4353-94BF-AF850995E5C4}.Ad-Hoc|iPhone.Build.0 = Ad-Hoc|iPhone
		{E6C3CBB0-25AC-4353-94BF-AF850995E5C4}.Ad-Hoc|iPhoneSimulator.ActiveCfg = Ad-Hoc|iPhoneSimulator
		{E6C3CBB0-25AC-4353-94BF-AF850995E5C4}.Ad-Hoc|iPhoneSimulator.Build.0 = Ad-Hoc|iPhoneSimulator
		{E6C3CBB0-25AC-4353-94BF-AF850995E5C4}.Ad-Hoc|x64.ActiveCfg = Ad-Hoc|iPhoneSimulator
		{E6C3CBB0-25AC-4353-94BF-AF850995E5C4}.Ad-Hoc|x64.Build.0 = Ad-Hoc|iPhoneSimulator
		{E6C3CBB0-25AC-4353-94BF-AF850995E5C4}.Ad-Hoc|x86.ActiveCfg = Ad-Hoc|iPhoneSimulator
		{E6C3CBB0-25AC-4353-94BF-AF850995E5C4}.Ad-Hoc|x86.Build.0 = Ad-Hoc|iPhoneSimulator
		{E6C3CBB0-25AC-4353-94BF-AF850995E5C4}.AppStore|Any CPU.ActiveCfg = AppStore|iPhoneSimulator
		{E6C3CBB0-25AC-4353-94BF-AF850995E5C4}.AppStore|Any CPU.Build.0 = AppStore|iPhoneSimulator
		{E6C3CBB0-25AC-4353-94BF-AF850995E5C4}.AppStore|ARM.ActiveCfg = AppStore|iPhoneSimulator
		{E6C3CBB0-25AC-4353-94BF-AF850995E5C4}.AppStore|ARM.Build.0 = AppStore|iPhoneSimulator
		{E6C3CBB0-25AC-4353-94BF-AF850995E5C4}.AppStore|iPhone.ActiveCfg = AppStore|iPhone
		{E6C3CBB0-25AC-4353-94BF-AF850995E5C4}.AppStore|iPhone.Build.0 = AppStore|iPhone
		{E6C3CBB0-25AC-4353-94BF-AF850995E5C4}.AppStore|iPhoneSimulator.ActiveCfg = AppStore|iPhoneSimulator
		{E6C3CBB0-25AC-4353-94BF-AF850995E5C4}.AppStore|iPhoneSimulator.Build.0 = AppStore|iPhoneSimulator
		{E6C3CBB0-25AC-4353-94BF-AF850995E5C4}.AppStore|x64.ActiveCfg = AppStore|iPhoneSimulator
		{E6C3CBB0-25AC-4353-94BF-AF850995E5C4}.AppStore|x64.Build.0 = AppStore|iPhoneSimulator
		{E6C3CBB0-25AC-4353-94BF-AF850995E5C4}.AppStore|x86.ActiveCfg = AppStore|iPhoneSimulator
		{E6C3CBB0-25AC-4353-94BF-AF850995E5C4}.AppStore|x86.Build.0 = AppStore|iPhoneSimulator
		{E6C3CBB0-25AC-4353-94BF-AF850995E5C4}.Debug|Any CPU.ActiveCfg = Debug|iPhoneSimulator
		{E6C3CBB0-25AC-4353-94BF-AF850995E5C4}.Debug|Any CPU.Build.0 = Debug|iPhoneSimulator
		{E6C3CBB0-25AC-4353-94BF-AF850995E5C4}.Debug|ARM.ActiveCfg = Debug|iPhoneSimulator
		{E6C3CBB0-25AC-4353-94BF-AF850995E5C4}.Debug|ARM.Build.0 = Debug|iPhoneSimulator
		{E6C3CBB0-25AC-4353-94BF-AF850995E5C4}.Debug|iPhone.ActiveCfg = Debug|iPhone
		{E6C3CBB0-25AC-4353-94BF-AF850995E5C4}.Debug|iPhone.Build.0 = Debug|iPhone
		{E6C3CBB0-25AC-4353-94BF-AF850995E5C4}.Debug|iPhoneSimulator.ActiveCfg = Debug|iPhoneSimulator
		{E6C3CBB0-25AC-4353-94BF-AF850995E5C4}.Debug|iPhoneSimulator.Build.0 = Debug|iPhoneSimulator
		{E6C3CBB0-25AC-4353-94BF-AF850995E5C4}.Debug|x64.ActiveCfg = Debug|iPhoneSimulator
		{E6C3CBB0-25AC-4353-94BF-AF850995E5C4}.Debug|x64.Build.0 = Debug|iPhoneSimulator
		{E6C3CBB0-25AC-4353-94BF-AF850995E5C4}.Debug|x86.ActiveCfg = Debug|iPhoneSimulator
		{E6C3CBB0-25AC-4353-94BF-AF850995E5C4}.Debug|x86.Build.0 = Debug|iPhoneSimulator
		{E6C3CBB0-25AC-4353-94BF-AF850995E5C4}.Release|Any CPU.ActiveCfg = Release|iPhoneSimulator
		{E6C3CBB0-25AC-4353-94BF-AF850995E5C4}.Release|Any CPU.Build.0 = Release|iPhoneSimulator
		{E6C3CBB0-25AC-4353-94BF-AF850995E5C4}.Release|ARM.ActiveCfg = Release|iPhoneSimulator
		{E6C3CBB0-25AC-4353-94BF-AF850995E5C4}.Release|ARM.Build.0 = Release|iPhoneSimulator
		{E6C3CBB0-25AC-4353-94BF-AF850995E5C4}.Release|iPhone.ActiveCfg = Release|iPhone
		{E6C3CBB0-25AC-4353-94BF-AF850995E5C4}.Release|iPhone.Build.0 = Release|iPhone
		{E6C3CBB0-25AC-4353-94BF-AF850995E5C4}.Release|iPhoneSimulator.ActiveCfg = Release|iPhoneSimulator
		{E6C3CBB0-25AC-4353-94BF-AF850995E5C4}.Release|iPhoneSimulator.Build.0 = Release|iPhoneSimulator
		{E6C3CBB0-25AC-4353-94BF-AF850995E5C4}.Release|x64.ActiveCfg = Release|iPhoneSimulator
		{E6C3CBB0-25AC-4353-94BF-AF850995E5C4}.Release|x64.Build.0 = Release|iPhoneSimulator
		{E6C3CBB0-25AC-4353-94BF-AF850995E5C4}.Release|x86.ActiveCfg = Release|iPhoneSimulator
		{E6C3CBB0-25AC-4353-94BF-AF850995E5C4}.Release|x86.Build.0 = Release|iPhoneSimulator
		{E44DA785-B7A7-4860-95FB-7DB62150FBBD}.Ad-Hoc|Any CPU.ActiveCfg = Debug|x64
		{E44DA785-B7A7-4860-95FB-7DB62150FBBD}.Ad-Hoc|Any CPU.Build.0 = Debug|x64
		{E44DA785-B7A7-4860-95FB-7DB62150FBBD}.Ad-Hoc|Any CPU.Deploy.0 = Debug|x64
		{E44DA785-B7A7-4860-95FB-7DB62150FBBD}.Ad-Hoc|ARM.ActiveCfg = Debug|ARM
		{E44DA785-B7A7-4860-95FB-7DB62150FBBD}.Ad-Hoc|ARM.Build.0 = Debug|ARM
		{E44DA785-B7A7-4860-95FB-7DB62150FBBD}.Ad-Hoc|ARM.Deploy.0 = Debug|ARM
		{E44DA785-B7A7-4860-95FB-7DB62150FBBD}.Ad-Hoc|iPhone.ActiveCfg = Debug|x64
		{E44DA785-B7A7-4860-95FB-7DB62150FBBD}.Ad-Hoc|iPhone.Build.0 = Debug|x64
		{E44DA785-B7A7-4860-95FB-7DB62150FBBD}.Ad-Hoc|iPhone.Deploy.0 = Debug|x64
		{E44DA785-B7A7-4860-95FB-7DB62150FBBD}.Ad-Hoc|iPhoneSimulator.ActiveCfg = Debug|x64
		{E44DA785-B7A7-4860-95FB-7DB62150FBBD}.Ad-Hoc|iPhoneSimulator.Build.0 = Debug|x64
		{E44DA785-B7A7-4860-95FB-7DB62150FBBD}.Ad-Hoc|iPhoneSimulator.Deploy.0 = Debug|x64
		{E44DA785-B7A7-4860-95FB-7DB62150FBBD}.Ad-Hoc|x64.ActiveCfg = Debug|x64
		{E44DA785-B7A7-4860-95FB-7DB62150FBBD}.Ad-Hoc|x64.Build.0 = Debug|x64
		{E44DA785-B7A7-4860-95FB-7DB62150FBBD}.Ad-Hoc|x64.Deploy.0 = Debug|x64
		{E44DA785-B7A7-4860-95FB-7DB62150FBBD}.Ad-Hoc|x86.ActiveCfg = Debug|x86
		{E44DA785-B7A7-4860-95FB-7DB62150FBBD}.Ad-Hoc|x86.Build.0 = Debug|x86
		{E44DA785-B7A7-4860-95FB-7DB62150FBBD}.Ad-Hoc|x86.Deploy.0 = Debug|x86
		{E44DA785-B7A7-4860-95FB-7DB62150FBBD}.AppStore|Any CPU.ActiveCfg = Debug|x64
		{E44DA785-B7A7-4860-95FB-7DB62150FBBD}.AppStore|Any CPU.Build.0 = Debug|x64
		{E44DA785-B7A7-4860-95FB-7DB62150FBBD}.AppStore|Any CPU.Deploy.0 = Debug|x64
		{E44DA785-B7A7-4860-95FB-7DB62150FBBD}.AppStore|ARM.ActiveCfg = Debug|ARM
		{E44DA785-B7A7-4860-95FB-7DB62150FBBD}.AppStore|ARM.Build.0 = Debug|ARM
		{E44DA785-B7A7-4860-95FB-7DB62150FBBD}.AppStore|ARM.Deploy.0 = Debug|ARM
		{E44DA785-B7A7-4860-95FB-7DB62150FBBD}.AppStore|iPhone.ActiveCfg = Debug|x64
		{E44DA785-B7A7-4860-95FB-7DB62150FBBD}.AppStore|iPhone.Build.0 = Debug|x64
		{E44DA785-B7A7-4860-95FB-7DB62150FBBD}.AppStore|iPhone.Deploy.0 = Debug|x64
		{E44DA785-B7A7-4860-95FB-7DB62150FBBD}.AppStore|iPhoneSimulator.ActiveCfg = Debug|x64
		{E44DA785-B7A7-4860-95FB-7DB62150FBBD}.AppStore|iPhoneSimulator.Build.0 = Debug|x64
		{E44DA785-B7A7-4860-95FB-7DB62150FBBD}.AppStore|iPhoneSimulator.Deploy.0 = Debug|x64
		{E44DA785-B7A7-4860-95FB-7DB62150FBBD}.AppStore|x64.ActiveCfg = Debug|x64
		{E44DA785-B7A7-4860-95FB-7DB62150FBBD}.AppStore|x64.Build.0 = Debug|x64
		{E44DA785-B7A7-4860-95FB-7DB62150FBBD}.AppStore|x64.Deploy.0 = Debug|x64
		{E44DA785-B7A7-4860-95FB-7DB62150FBBD}.AppStore|x86.ActiveCfg = Debug|x86
		{E44DA785-B7A7-4860-95FB-7DB62150FBBD}.AppStore|x86.Build.0 = Debug|x86
		{E44DA785-B7A7-4860-95FB-7DB62150FBBD}.AppStore|x86.Deploy.0 = Debug|x86
		{E44DA785-B7A7-4860-95FB-7DB62150FBBD}.Debug|Any CPU.ActiveCfg = Debug|x64
		{E44DA785-B7A7-4860-95FB-7DB62150FBBD}.Debug|Any CPU.Build.0 = Debug|x64
		{E44DA785-B7A7-4860-95FB-7DB62150FBBD}.Debug|Any CPU.Deploy.0 = Debug|x64
		{E44DA785-B7A7-4860-95FB-7DB62150FBBD}.Debug|ARM.ActiveCfg = Debug|ARM
		{E44DA785-B7A7-4860-95FB-7DB62150FBBD}.Debug|ARM.Build.0 = Debug|ARM
		{E44DA785-B7A7-4860-95FB-7DB62150FBBD}.Debug|ARM.Deploy.0 = Debug|ARM
		{E44DA785-B7A7-4860-95FB-7DB62150FBBD}.Debug|iPhone.ActiveCfg = Debug|x64
		{E44DA785-B7A7-4860-95FB-7DB62150FBBD}.Debug|iPhone.Build.0 = Debug|x64
		{E44DA785-B7A7-4860-95FB-7DB62150FBBD}.Debug|iPhone.Deploy.0 = Debug|x64
		{E44DA785-B7A7-4860-95FB-7DB62150FBBD}.Debug|iPhoneSimulator.ActiveCfg = Debug|x64
		{E44DA785-B7A7-4860-95FB-7DB62150FBBD}.Debug|iPhoneSimulator.Build.0 = Debug|x64
		{E44DA785-B7A7-4860-95FB-7DB62150FBBD}.Debug|iPhoneSimulator.Deploy.0 = Debug|x64
		{E44DA785-B7A7-4860-95FB-7DB62150FBBD}.Debug|x64.ActiveCfg = Debug|x64
		{E44DA785-B7A7-4860-95FB-7DB62150FBBD}.Debug|x64.Build.0 = Debug|x64
		{E44DA785-B7A7-4860-95FB-7DB62150FBBD}.Debug|x64.Deploy.0 = Debug|x64
		{E44DA785-B7A7-4860-95FB-7DB62150FBBD}.Debug|x86.ActiveCfg = Debug|x86
		{E44DA785-B7A7-4860-95FB-7DB62150FBBD}.Debug|x86.Build.0 = Debug|x86
		{E44DA785-B7A7-4860-95FB-7DB62150FBBD}.Debug|x86.Deploy.0 = Debug|x86
		{E44DA785-B7A7-4860-95FB-7DB62150FBBD}.Release|Any CPU.ActiveCfg = Release|x64
		{E44DA785-B7A7-4860-95FB-7DB62150FBBD}.Release|Any CPU.Build.0 = Release|x64
		{E44DA785-B7A7-4860-95FB-7DB62150FBBD}.Release|Any CPU.Deploy.0 = Release|x64
		{E44DA785-B7A7-4860-95FB-7DB62150FBBD}.Release|ARM.ActiveCfg = Release|ARM
		{E44DA785-B7A7-4860-95FB-7DB62150FBBD}.Release|ARM.Build.0 = Release|ARM
		{E44DA785-B7A7-4860-95FB-7DB62150FBBD}.Release|ARM.Deploy.0 = Release|ARM
		{E44DA785-B7A7-4860-95FB-7DB62150FBBD}.Release|iPhone.ActiveCfg = Release|x64
		{E44DA785-B7A7-4860-95FB-7DB62150FBBD}.Release|iPhone.Build.0 = Release|x64
		{E44DA785-B7A7-4860-95FB-7DB62150FBBD}.Release|iPhone.Deploy.0 = Release|x64
		{E44DA785-B7A7-4860-95FB-7DB62150FBBD}.Release|iPhoneSimulator.ActiveCfg = Release|x64
		{E44DA785-B7A7-4860-95FB-7DB62150FBBD}.Release|iPhoneSimulator.Build.0 = Release|x64
		{E44DA785-B7A7-4860-95FB-7DB62150FBBD}.Release|iPhoneSimulator.Deploy.0 = Release|x64
		{E44DA785-B7A7-4860-95FB-7DB62150FBBD}.Release|x64.ActiveCfg = Release|x64
		{E44DA785-B7A7-4860-95FB-7DB62150FBBD}.Release|x64.Build.0 = Release|x64
		{E44DA785-B7A7-4860-95FB-7DB62150FBBD}.Release|x64.Deploy.0 = Release|x64
		{E44DA785-B7A7-4860-95FB-7DB62150FBBD}.Release|x86.ActiveCfg = Release|x86
		{E44DA785-B7A7-4860-95FB-7DB62150FBBD}.Release|x86.Build.0 = Release|x86
		{E44DA785-B7A7-4860-95FB-7DB62150FBBD}.Release|x86.Deploy.0 = Release|x86
		{5F945D28-E6F3-41D2-BECE-7D787444EF5A}.Ad-Hoc|Any CPU.ActiveCfg = Debug|Any CPU
		{5F945D28-E6F3-41D2-BECE-7D787444EF5A}.Ad-Hoc|Any CPU.Build.0 = Debug|Any CPU
		{5F945D28-E6F3-41D2-BECE-7D787444EF5A}.Ad-Hoc|ARM.ActiveCfg = Debug|Any CPU
		{5F945D28-E6F3-41D2-BECE-7D787444EF5A}.Ad-Hoc|ARM.Build.0 = Debug|Any CPU
		{5F945D28-E6F3-41D2-BECE-7D787444EF5A}.Ad-Hoc|iPhone.ActiveCfg = Debug|Any CPU
		{5F945D28-E6F3-41D2-BECE-7D787444EF5A}.Ad-Hoc|iPhone.Build.0 = Debug|Any CPU
		{5F945D28-E6F3-41D2-BECE-7D787444EF5A}.Ad-Hoc|iPhoneSimulator.ActiveCfg = Debug|Any CPU
		{5F945D28-E6F3-41D2-BECE-7D787444EF5A}.Ad-Hoc|iPhoneSimulator.Build.0 = Debug|Any CPU
		{5F945D28-E6F3-41D2-BECE-7D787444EF5A}.Ad-Hoc|x64.ActiveCfg = Debug|Any CPU
		{5F945D28-E6F3-41D2-BECE-7D787444EF5A}.Ad-Hoc|x64.Build.0 = Debug|Any CPU
		{5F945D28-E6F3-41D2-BECE-7D787444EF5A}.Ad-Hoc|x86.ActiveCfg = Debug|Any CPU
		{5F945D28-E6F3-41D2-BECE-7D787444EF5A}.Ad-Hoc|x86.Build.0 = Debug|Any CPU
		{5F945D28-E6F3-41D2-BECE-7D787444EF5A}.AppStore|Any CPU.ActiveCfg = Debug|Any CPU
		{5F945D28-E6F3-41D2-BECE-7D787444EF5A}.AppStore|Any CPU.Build.0 = Debug|Any CPU
		{5F945D28-E6F3-41D2-BECE-7D787444EF5A}.AppStore|ARM.ActiveCfg = Debug|Any CPU
		{5F945D28-E6F3-41D2-BECE-7D787444EF5A}.AppStore|ARM.Build.0 = Debug|Any CPU
		{5F945D28-E6F3-41D2-BECE-7D787444EF5A}.AppStore|iPhone.ActiveCfg = Debug|Any CPU
		{5F945D28-E6F3-41D2-BECE-7D787444EF5A}.AppStore|iPhone.Build.0 = Debug|Any CPU
		{5F945D28-E6F3-41D2-BECE-7D787444EF5A}.AppStore|iPhoneSimulator.ActiveCfg = Debug|Any CPU
		{5F945D28-E6F3-41D2-BECE-7D787444EF5A}.AppStore|iPhoneSimulator.Build.0 = Debug|Any CPU
		{5F945D28-E6F3-41D2-BECE-7D787444EF5A}.AppStore|x64.ActiveCfg = Debug|Any CPU
		{5F945D28-E6F3-41D2-BECE-7D787444EF5A}.AppStore|x64.Build.0 = Debug|Any CPU
		{5F945D28-E6F3-41D2-BECE-7D787444EF5A}.AppStore|x86.ActiveCfg = Debug|Any CPU
		{5F945D28-E6F3-41D2-BECE-7D787444EF5A}.AppStore|x86.Build.0 = Debug|Any CPU
		{5F945D28-E6F3-41D2-BECE-7D787444EF5A}.Debug|Any CPU.ActiveCfg = Debug|Any CPU
		{5F945D28-E6F3-41D2-BECE-7D787444EF5A}.Debug|Any CPU.Build.0 = Debug|Any CPU
		{5F945D28-E6F3-41D2-BECE-7D787444EF5A}.Debug|ARM.ActiveCfg = Debug|Any CPU
		{5F945D28-E6F3-41D2-BECE-7D787444EF5A}.Debug|ARM.Build.0 = Debug|Any CPU
		{5F945D28-E6F3-41D2-BECE-7D787444EF5A}.Debug|iPhone.ActiveCfg = Debug|Any CPU
		{5F945D28-E6F3-41D2-BECE-7D787444EF5A}.Debug|iPhone.Build.0 = Debug|Any CPU
		{5F945D28-E6F3-41D2-BECE-7D787444EF5A}.Debug|iPhoneSimulator.ActiveCfg = Debug|Any CPU
		{5F945D28-E6F3-41D2-BECE-7D787444EF5A}.Debug|iPhoneSimulator.Build.0 = Debug|Any CPU
		{5F945D28-E6F3-41D2-BECE-7D787444EF5A}.Debug|x64.ActiveCfg = Debug|Any CPU
		{5F945D28-E6F3-41D2-BECE-7D787444EF5A}.Debug|x64.Build.0 = Debug|Any CPU
		{5F945D28-E6F3-41D2-BECE-7D787444EF5A}.Debug|x86.ActiveCfg = Debug|Any CPU
		{5F945D28-E6F3-41D2-BECE-7D787444EF5A}.Debug|x86.Build.0 = Debug|Any CPU
		{5F945D28-E6F3-41D2-BECE-7D787444EF5A}.Release|Any CPU.ActiveCfg = Release|Any CPU
		{5F945D28-E6F3-41D2-BECE-7D787444EF5A}.Release|Any CPU.Build.0 = Release|Any CPU
		{5F945D28-E6F3-41D2-BECE-7D787444EF5A}.Release|ARM.ActiveCfg = Release|Any CPU
		{5F945D28-E6F3-41D2-BECE-7D787444EF5A}.Release|ARM.Build.0 = Release|Any CPU
		{5F945D28-E6F3-41D2-BECE-7D787444EF5A}.Release|iPhone.ActiveCfg = Release|Any CPU
		{5F945D28-E6F3-41D2-BECE-7D787444EF5A}.Release|iPhone.Build.0 = Release|Any CPU
		{5F945D28-E6F3-41D2-BECE-7D787444EF5A}.Release|iPhoneSimulator.ActiveCfg = Release|Any CPU
		{5F945D28-E6F3-41D2-BECE-7D787444EF5A}.Release|iPhoneSimulator.Build.0 = Release|Any CPU
		{5F945D28-E6F3-41D2-BECE-7D787444EF5A}.Release|x64.ActiveCfg = Release|Any CPU
		{5F945D28-E6F3-41D2-BECE-7D787444EF5A}.Release|x64.Build.0 = Release|Any CPU
		{5F945D28-E6F3-41D2-BECE-7D787444EF5A}.Release|x86.ActiveCfg = Release|Any CPU
		{5F945D28-E6F3-41D2-BECE-7D787444EF5A}.Release|x86.Build.0 = Release|Any CPU
	EndGlobalSection
	GlobalSection(SolutionProperties) = preSolution
		HideSolutionNode = FALSE
	EndGlobalSection
	GlobalSection(ExtensibilityGlobals) = postSolution
		SolutionGuid = {A814345C-9DF2-492D-8078-E6BC70DC9221}
	EndGlobalSection
EndGlobal
