
Microsoft Visual Studio Solution File, Format Version 12.00
# Visual Studio Version 17
VisualStudioVersion = 17.3.32804.467
MinimumVisualStudioVersion = 10.0.40219.1
Project("{FAE04EC0-301F-11D3-BF4B-00C04F79EFBC}") = "PropertySurveyService", "PropertySurveyService\PropertySurveyService.csproj", "{83DD21FC-734B-4365-9A3C-FE5904EBFE2D}"
EndProject
Global
	GlobalSection(SolutionConfigurationPlatforms) = preSolution
		Debug|Any CPU = Debug|Any CPU
		Release|Any CPU = Release|Any CPU
	EndGlobalSection
	GlobalSection(ProjectConfigurationPlatforms) = postSolution
		{83DD21FC-734B-4365-9A3C-FE5904EBFE2D}.Debug|Any CPU.ActiveCfg = Debug|Any CPU
		{83DD21FC-734B-4365-9A3C-FE5904EBFE2D}.Debug|Any CPU.Build.0 = Debug|Any CPU
		{83DD21FC-734B-4365-9A3C-FE5904EBFE2D}.Release|Any CPU.ActiveCfg = Release|Any CPU
		{83DD21FC-734B-4365-9A3C-FE5904EBFE2D}.Release|Any CPU.Build.0 = Release|Any CPU
	EndGlobalSection
	GlobalSection(SolutionProperties) = preSolution
		HideSolutionNode = FALSE
	EndGlobalSection
	GlobalSection(ExtensibilityGlobals) = postSolution
		SolutionGuid = {F64BF4EF-C0DC-4914-802F-2A36E6FCE056}
	EndGlobalSection
EndGlobal
